
Microsoft Visual Studio Solution File, Format Version 12.00
# Visual Studio Version 17
VisualStudioVersion = 17.8.34330.188
MinimumVisualStudioVersion = 10.0.40219.1
Project("{FAE04EC0-301F-11D3-BF4B-00C04F79EFBC}") = "Integration.SAP.API", "Integration.SAP.API\Integration.SAP.API.csproj", "{0E6859DB-5753-4B1A-B684-976B5F4CA092}"
EndProject
Project("{FAE04EC0-301F-11D3-BF4B-00C04F79EFBC}") = "Integration.SAP.Application", "Integration.SAP.Application\Integration.SAP.Application.csproj", "{77BBD8FE-F244-4A24-A535-1FBB12895898}"
EndProject
Global
	GlobalSection(SolutionConfigurationPlatforms) = preSolution
		Debug|Any CPU = Debug|Any CPU
		Release|Any CPU = Release|Any CPU
	EndGlobalSection
	GlobalSection(ProjectConfigurationPlatforms) = postSolution
		{0E6859DB-5753-4B1A-B684-976B5F4CA092}.Debug|Any CPU.ActiveCfg = Debug|Any CPU
		{0E6859DB-5753-4B1A-B684-976B5F4CA092}.Debug|Any CPU.Build.0 = Debug|Any CPU
		{0E6859DB-5753-4B1A-B684-976B5F4CA092}.Release|Any CPU.ActiveCfg = Release|Any CPU
		{0E6859DB-5753-4B1A-B684-976B5F4CA092}.Release|Any CPU.Build.0 = Release|Any CPU
		{77BBD8FE-F244-4A24-A535-1FBB12895898}.Debug|Any CPU.ActiveCfg = Debug|Any CPU
		{77BBD8FE-F244-4A24-A535-1FBB12895898}.Debug|Any CPU.Build.0 = Debug|Any CPU
		{77BBD8FE-F244-4A24-A535-1FBB12895898}.Release|Any CPU.ActiveCfg = Release|Any CPU
		{77BBD8FE-F244-4A24-A535-1FBB12895898}.Release|Any CPU.Build.0 = Release|Any CPU
	EndGlobalSection
	GlobalSection(SolutionProperties) = preSolution
		HideSolutionNode = FALSE
	EndGlobalSection
	GlobalSection(ExtensibilityGlobals) = postSolution
		SolutionGuid = {F9DC797B-2244-4922-A68B-2A36A47C5782}
	EndGlobalSection
EndGlobal
